
Microsoft Visual Studio Solution File, Format Version 12.00
# Visual Studio 15
VisualStudioVersion = 15.0.28010.2036
MinimumVisualStudioVersion = 10.0.40219.1
Project("{8BC9CEB8-8B4A-11D0-8D11-00A0C91BC942}") = "CUDARadiationPlotting", "CUDARadiationPlotting.vcxproj", "{C340BBC6-9A83-4E38-A571-154FDF268661}"
EndProject
Global
	GlobalSection(SolutionConfigurationPlatforms) = preSolution
		Debug|x64 = Debug|x64
		Release|x64 = Release|x64
	EndGlobalSection
	GlobalSection(ProjectConfigurationPlatforms) = postSolution
		{C340BBC6-9A83-4E38-A571-154FDF268661}.Debug|x64.ActiveCfg = Debug|x64
		{C340BBC6-9A83-4E38-A571-154FDF268661}.Debug|x64.Build.0 = Debug|x64
		{C340BBC6-9A83-4E38-A571-154FDF268661}.Release|x64.ActiveCfg = Release|x64
		{C340BBC6-9A83-4E38-A571-154FDF268661}.Release|x64.Build.0 = Release|x64
	EndGlobalSection
	GlobalSection(SolutionProperties) = preSolution
		HideSolutionNode = FALSE
	EndGlobalSection
	GlobalSection(ExtensibilityGlobals) = postSolution
		SolutionGuid = {B8363663-20E4-4A0E-85DA-4C89F3602181}
	EndGlobalSection
EndGlobal
