<?xml version="1.0" encoding="utf-8"?>
<Project ToolsVersion="4.0" xmlns="http://schemas.microsoft.com/developer/msbuild/2003">
  <ItemGroup>
    <CudaCompile Include="kernel.cu" />
  </ItemGroup>
  <ItemGroup>
    <Filter Include="Imgui">
      <UniqueIdentifier>{f22189c3-8822-4804-9f45-97d4117a9b5b}</UniqueIdentifier>
    </Filter>
    <Filter Include="SimpleText">
      <UniqueIdentifier>{584e605f-5cf5-4834-b4bc-42751a264e1f}</UniqueIdentifier>
    </Filter>
  </ItemGroup>
  <ItemGroup>
    <ClInclude Include="Imgui\imconfig.h">
      <Filter>Imgui</Filter>
    </ClInclude>
    <ClInclude Include="Imgui\imgui.h">
      <Filter>Imgui</Filter>
    </ClInclude>
    <ClInclude Include="Imgui\imgui_impl_glfw.h">
      <Filter>Imgui</Filter>
    </ClInclude>
    <ClInclude Include="Imgui\imgui_impl_opengl3.h">
      <Filter>Imgui</Filter>
    </ClInclude>
    <ClInclude Include="Imgui\imgui_internal.h">
      <Filter>Imgui</Filter>
    </ClInclude>
    <ClInclude Include="Imgui\imstb_rectpack.h">
      <Filter>Imgui</Filter>
    </ClInclude>
    <ClInclude Include="Imgui\imstb_textedit.h">
      <Filter>Imgui</Filter>
    </ClInclude>
    <ClInclude Include="Imgui\imstb_truetype.h">
      <Filter>Imgui</Filter>
    </ClInclude>
    <ClInclude Include="Init.hpp" />
    <ClInclude Include="Shaders.hpp" />
    <ClInclude Include="Imgui.h" />
    <ClInclude Include="Render.h" />
    <ClInclude Include="SimpleText\simpletext.h">
      <Filter>SimpleText</Filter>
    </ClInclude>
    <ClInclude Include="VertexArray.hpp" />
    <ClInclude Include="VertexBuffer.hpp" />
    <ClInclude Include="IndexBuffer.h" />
    <ClInclude Include="Callbacks.h" />
    <ClInclude Include="Camera.h" />
    <ClInclude Include="GuideLines.h" />
    <ClInclude Include="Sphere.h" />
    <ClInclude Include="Texture.h" />
  </ItemGroup>
  <ItemGroup>
    <ClCompile Include="Imgui\imgui.cpp">
      <Filter>Imgui</Filter>
    </ClCompile>
    <ClCompile Include="Imgui\imgui_demo.cpp">
      <Filter>Imgui</Filter>
    </ClCompile>
    <ClCompile Include="Imgui\imgui_draw.cpp">
      <Filter>Imgui</Filter>
    </ClCompile>
    <ClCompile Include="Imgui\imgui_impl_glfw.cpp">
      <Filter>Imgui</Filter>
    </ClCompile>
    <ClCompile Include="Imgui\imgui_impl_opengl3.cpp">
      <Filter>Imgui</Filter>
    </ClCompile>
    <ClCompile Include="Imgui\imgui_widgets.cpp">
      <Filter>Imgui</Filter>
    </ClCompile>
    <ClCompile Include="Init.cpp" />
    <ClCompile Include="main.cpp" />
  </ItemGroup>
</Project>